// !$*UTF8*$!
{
	archiveVersion = 1;
	classes = {
	};
	objectVersion = 77;
	objects = {

/* Begin PBXBuildFile section */
		F3BD1BC52F3FC1CD00FAD507 /* MemoryGameWatch2026 Watch App.app in Embed Watch Content */ = {isa = PBXBuildFile; fileRef = F3BD1BA52F3FC1CB00FAD507 /* MemoryGameWatch2026 Watch App.app */; settings = {ATTRIBUTES = (RemoveHeadersOnCopy, ); }; };
/* End PBXBuildFile section */

/* Begin PBXContainerItemProxy section */
		F304989A2F0C82E100FAE88E /* PBXContainerItemProxy */ = {
			isa = PBXContainerItemProxy;
			containerPortal = F30498842F0C82DF00FAE88E /* Project object */;
			proxyType = 1;
			remoteGlobalIDString = F304988B2F0C82DF00FAE88E;
			remoteInfo = MemoryGame2026;
		};
		F30498A42F0C82E100FAE88E /* PBXContainerItemProxy */ = {
			isa = PBXContainerItemProxy;
			containerPortal = F30498842F0C82DF00FAE88E /* Project object */;
			proxyType = 1;
			remoteGlobalIDString = F304988B2F0C82DF00FAE88E;
			remoteInfo = MemoryGame2026;
		};
		F3BD1BB22F3FC1CD00FAD507 /* PBXContainerItemProxy */ = {
			isa = PBXContainerItemProxy;
			containerPortal = F30498842F0C82DF00FAE88E /* Project object */;
			proxyType = 1;
			remoteGlobalIDString = F3BD1BA42F3FC1CB00FAD507;
			remoteInfo = "MemoryGameWatch2026 Watch App";
		};
		F3BD1BBC2F3FC1CD00FAD507 /* PBXContainerItemProxy */ = {
			isa = PBXContainerItemProxy;
			containerPortal = F30498842F0C82DF00FAE88E /* Project object */;
			proxyType = 1;
			remoteGlobalIDString = F3BD1BA42F3FC1CB00FAD507;
			remoteInfo = "MemoryGameWatch2026 Watch App";
		};
		F3BD1BC32F3FC1CD00FAD507 /* PBXContainerItemProxy */ = {
			isa = PBXContainerItemProxy;
			containerPortal = F30498842F0C82DF00FAE88E /* Project object */;
			proxyType = 1;
			remoteGlobalIDString = F3BD1BA42F3FC1CB00FAD507;
			remoteInfo = "MemoryGameWatch2026 Watch App";
		};
/* End PBXContainerItemProxy section */

/* Begin PBXCopyFilesBuildPhase section */
		F3BD1BC62F3FC1CD00FAD507 /* Embed Watch Content */ = {
			isa = PBXCopyFilesBuildPhase;
			buildActionMask = 2147483647;
			dstPath = "$(CONTENTS_FOLDER_PATH)/Watch";
			dstSubfolderSpec = 16;
			files = (
				F3BD1BC52F3FC1CD00FAD507 /* MemoryGameWatch2026 Watch App.app in Embed Watch Content */,
			);
			name = "Embed Watch Content";
			runOnlyForDeploymentPostprocessing = 0;
		};
/* End PBXCopyFilesBuildPhase section */

/* Begin PBXFileReference section */
		F304988C2F0C82DF00FAE88E /* MemoryGame2026.app */ = {isa = PBXFileReference; explicitFileType = wrapper.application; includeInIndex = 0; path = MemoryGame2026.app; sourceTree = BUILT_PRODUCTS_DIR; };
		F30498992F0C82E100FAE88E /* MemoryGame2026Tests.xctest */ = {isa = PBXFileReference; explicitFileType = wrapper.cfbundle; includeInIndex = 0; path = MemoryGame2026Tests.xctest; sourceTree = BUILT_PRODUCTS_DIR; };
		F30498A32F0C82E100FAE88E /* MemoryGame2026UITests.xctest */ = {isa = PBXFileReference; explicitFileType = wrapper.cfbundle; includeInIndex = 0; path = MemoryGame2026UITests.xctest; sourceTree = BUILT_PRODUCTS_DIR; };
		F3BA71E22F1EE6ED00EA865A /* MemoryGame2026.xctestplan */ = {isa = PBXFileReference; lastKnownFileType = text; path = MemoryGame2026.xctestplan; sourceTree = "<group>"; };
		F3BD1BA52F3FC1CB00FAD507 /* MemoryGameWatch2026 Watch App.app */ = {isa = PBXFileReference; explicitFileType = wrapper.application; includeInIndex = 0; path = "MemoryGameWatch2026 Watch App.app"; sourceTree = BUILT_PRODUCTS_DIR; };
		F3BD1BB12F3FC1CD00FAD507 /* MemoryGameWatch2026 Watch AppTests.xctest */ = {isa = PBXFileReference; explicitFileType = wrapper.cfbundle; includeInIndex = 0; path = "MemoryGameWatch2026 Watch AppTests.xctest"; sourceTree = BUILT_PRODUCTS_DIR; };
		F3BD1BBB2F3FC1CD00FAD507 /* MemoryGameWatch2026 Watch AppUITests.xctest */ = {isa = PBXFileReference; explicitFileType = wrapper.cfbundle; includeInIndex = 0; path = "MemoryGameWatch2026 Watch AppUITests.xctest"; sourceTree = BUILT_PRODUCTS_DIR; };
/* End PBXFileReference section */

/* Begin PBXFileSystemSynchronizedBuildFileExceptionSet section */
		F3BA71E42F1EEA0A00EA865A /* Exceptions for "MemoryGame2026" folder in "MemoryGame2026UITests" target */ = {
			isa = PBXFileSystemSynchronizedBuildFileExceptionSet;
			membershipExceptions = (
				Board.swift,
				ContentView.swift,
				GameView.swift,
				ImagePickerView.swift,
				MemoryGame2026App.swift,
				SettingsView.swift,
				Tile.swift,
			);
			target = F30498A22F0C82E100FAE88E /* MemoryGame2026UITests */;
		};
/* End PBXFileSystemSynchronizedBuildFileExceptionSet section */

/* Begin PBXFileSystemSynchronizedRootGroup section */
		F304988E2F0C82DF00FAE88E /* MemoryGame2026 */ = {
			isa = PBXFileSystemSynchronizedRootGroup;
			exceptions = (
				F3BA71E42F1EEA0A00EA865A /* Exceptions for "MemoryGame2026" folder in "MemoryGame2026UITests" target */,
			);
			path = MemoryGame2026;
			sourceTree = "<group>";
		};
		F304989C2F0C82E100FAE88E /* MemoryGame2026Tests */ = {
			isa = PBXFileSystemSynchronizedRootGroup;
			path = MemoryGame2026Tests;
			sourceTree = "<group>";
		};
		F30498A62F0C82E100FAE88E /* MemoryGame2026UITests */ = {
			isa = PBXFileSystemSynchronizedRootGroup;
			path = MemoryGame2026UITests;
			sourceTree = "<group>";
		};
		F3BD1BA62F3FC1CB00FAD507 /* MemoryGameWatch2026 Watch App */ = {
			isa = PBXFileSystemSynchronizedRootGroup;
			path = "MemoryGameWatch2026 Watch App";
			sourceTree = "<group>";
		};
		F3BD1BB42F3FC1CD00FAD507 /* MemoryGameWatch2026 Watch AppTests */ = {
			isa = PBXFileSystemSynchronizedRootGroup;
			path = "MemoryGameWatch2026 Watch AppTests";
			sourceTree = "<group>";
		};
		F3BD1BBE2F3FC1CD00FAD507 /* MemoryGameWatch2026 Watch AppUITests */ = {
			isa = PBXFileSystemSynchronizedRootGroup;
			path = "MemoryGameWatch2026 Watch AppUITests";
			sourceTree = "<group>";
		};
/* End PBXFileSystemSynchronizedRootGroup section */

/* Begin PBXFrameworksBuildPhase section */
		F30498892F0C82DF00FAE88E /* Frameworks */ = {
			isa = PBXFrameworksBuildPhase;
			buildActionMask = 2147483647;
			files = (
			);
			runOnlyForDeploymentPostprocessing = 0;
		};
		F30498962F0C82E100FAE88E /* Frameworks */ = {
			isa = PBXFrameworksBuildPhase;
			buildActionMask = 2147483647;
			files = (
			);
			runOnlyForDeploymentPostprocessing = 0;
		};
		F30498A02F0C82E100FAE88E /* Frameworks */ = {
			isa = PBXFrameworksBuildPhase;
			buildActionMask = 2147483647;
			files = (
			);
			runOnlyForDeploymentPostprocessing = 0;
		};
		F3BD1BA22F3FC1CB00FAD507 /* Frameworks */ = {
			isa = PBXFrameworksBuildPhase;
			buildActionMask = 2147483647;
			files = (
			);
			runOnlyForDeploymentPostprocessing = 0;
		};
		F3BD1BAE2F3FC1CD00FAD507 /* Frameworks */ = {
			isa = PBXFrameworksBuildPhase;
			buildActionMask = 2147483647;
			files = (
			);
			runOnlyForDeploymentPostprocessing = 0;
		};
		F3BD1BB82F3FC1CD00FAD507 /* Frameworks */ = {
			isa = PBXFrameworksBuildPhase;
			buildActionMask = 2147483647;
			files = (
			);
			runOnlyForDeploymentPostprocessing = 0;
		};
/* End PBXFrameworksBuildPhase section */

/* Begin PBXGroup section */
		F30498832F0C82DF00FAE88E = {
			isa = PBXGroup;
			children = (
				F3BA71E22F1EE6ED00EA865A /* MemoryGame2026.xctestplan */,
				F304988E2F0C82DF00FAE88E /* MemoryGame2026 */,
				F304989C2F0C82E100FAE88E /* MemoryGame2026Tests */,
				F30498A62F0C82E100FAE88E /* MemoryGame2026UITests */,
				F3BD1BA62F3FC1CB00FAD507 /* MemoryGameWatch2026 Watch App */,
				F3BD1BB42F3FC1CD00FAD507 /* MemoryGameWatch2026 Watch AppTests */,
				F3BD1BBE2F3FC1CD00FAD507 /* MemoryGameWatch2026 Watch AppUITests */,
				F304988D2F0C82DF00FAE88E /* Products */,
			);
			sourceTree = "<group>";
		};
		F304988D2F0C82DF00FAE88E /* Products */ = {
			isa = PBXGroup;
			children = (
				F304988C2F0C82DF00FAE88E /* MemoryGame2026.app */,
				F30498992F0C82E100FAE88E /* MemoryGame2026Tests.xctest */,
				F30498A32F0C82E100FAE88E /* MemoryGame2026UITests.xctest */,
				F3BD1BA52F3FC1CB00FAD507 /* MemoryGameWatch2026 Watch App.app */,
				F3BD1BB12F3FC1CD00FAD507 /* MemoryGameWatch2026 Watch AppTests.xctest */,
				F3BD1BBB2F3FC1CD00FAD507 /* MemoryGameWatch2026 Watch AppUITests.xctest */,
			);
			name = Products;
			sourceTree = "<group>";
		};
/* End PBXGroup section */

/* Begin PBXNativeTarget section */
		F304988B2F0C82DF00FAE88E /* MemoryGame2026 */ = {
			isa = PBXNativeTarget;
			buildConfigurationList = F30498AD2F0C82E100FAE88E /* Build configuration list for PBXNativeTarget "MemoryGame2026" */;
			buildPhases = (
				F30498882F0C82DF00FAE88E /* Sources */,
				F30498892F0C82DF00FAE88E /* Frameworks */,
				F304988A2F0C82DF00FAE88E /* Resources */,
				F3BD1BC62F3FC1CD00FAD507 /* Embed Watch Content */,
			);
			buildRules = (
			);
			dependencies = (
				F3BD1BC42F3FC1CD00FAD507 /* PBXTargetDependency */,
			);
			fileSystemSynchronizedGroups = (
				F304988E2F0C82DF00FAE88E /* MemoryGame2026 */,
				F3BD1BB42F3FC1CD00FAD507 /* MemoryGameWatch2026 Watch AppTests */,
			);
			name = MemoryGame2026;
			packageProductDependencies = (
			);
			productName = MemoryGame2026;
			productReference = F304988C2F0C82DF00FAE88E /* MemoryGame2026.app */;
			productType = "com.apple.product-type.application";
		};
		F30498982F0C82E100FAE88E /* MemoryGame2026Tests */ = {
			isa = PBXNativeTarget;
			buildConfigurationList = F30498B02F0C82E100FAE88E /* Build configuration list for PBXNativeTarget "MemoryGame2026Tests" */;
			buildPhases = (
				F30498952F0C82E100FAE88E /* Sources */,
				F30498962F0C82E100FAE88E /* Frameworks */,
				F30498972F0C82E100FAE88E /* Resources */,
			);
			buildRules = (
			);
			dependencies = (
				F304989B2F0C82E100FAE88E /* PBXTargetDependency */,
			);
			fileSystemSynchronizedGroups = (
				F304989C2F0C82E100FAE88E /* MemoryGame2026Tests */,
			);
			name = MemoryGame2026Tests;
			packageProductDependencies = (
			);
			productName = MemoryGame2026Tests;
			productReference = F30498992F0C82E100FAE88E /* MemoryGame2026Tests.xctest */;
			productType = "com.apple.product-type.bundle.unit-test";
		};
		F30498A22F0C82E100FAE88E /* MemoryGame2026UITests */ = {
			isa = PBXNativeTarget;
			buildConfigurationList = F30498B32F0C82E100FAE88E /* Build configuration list for PBXNativeTarget "MemoryGame2026UITests" */;
			buildPhases = (
				F304989F2F0C82E100FAE88E /* Sources */,
				F30498A02F0C82E100FAE88E /* Frameworks */,
				F30498A12F0C82E100FAE88E /* Resources */,
			);
			buildRules = (
			);
			dependencies = (
				F30498A52F0C82E100FAE88E /* PBXTargetDependency */,
			);
			fileSystemSynchronizedGroups = (
				F30498A62F0C82E100FAE88E /* MemoryGame2026UITests */,
			);
			name = MemoryGame2026UITests;
			packageProductDependencies = (
			);
			productName = MemoryGame2026UITests;
			productReference = F30498A32F0C82E100FAE88E /* MemoryGame2026UITests.xctest */;
			productType = "com.apple.product-type.bundle.ui-testing";
		};
		F3BD1BA42F3FC1CB00FAD507 /* MemoryGameWatch2026 Watch App */ = {
			isa = PBXNativeTarget;
			buildConfigurationList = F3BD1BCD2F3FC1CD00FAD507 /* Build configuration list for PBXNativeTarget "MemoryGameWatch2026 Watch App" */;
			buildPhases = (
				F3BD1BA12F3FC1CB00FAD507 /* Sources */,
				F3BD1BA22F3FC1CB00FAD507 /* Frameworks */,
				F3BD1BA32F3FC1CB00FAD507 /* Resources */,
			);
			buildRules = (
			);
			dependencies = (
			);
			fileSystemSynchronizedGroups = (
				F3BD1BA62F3FC1CB00FAD507 /* MemoryGameWatch2026 Watch App */,
				F3BD1BB42F3FC1CD00FAD507 /* MemoryGameWatch2026 Watch AppTests */,
			);
			name = "MemoryGameWatch2026 Watch App";
			packageProductDependencies = (
			);
			productName = "MemoryGameWatch2026 Watch App";
			productReference = F3BD1BA52F3FC1CB00FAD507 /* MemoryGameWatch2026 Watch App.app */;
			productType = "com.apple.product-type.application";
		};
		F3BD1BB02F3FC1CD00FAD507 /* MemoryGameWatch2026 Watch AppTests */ = {
			isa = PBXNativeTarget;
			buildConfigurationList = F3BD1BCE2F3FC1CD00FAD507 /* Build configuration list for PBXNativeTarget "MemoryGameWatch2026 Watch AppTests" */;
			buildPhases = (
				F3BD1BAD2F3FC1CD00FAD507 /* Sources */,
				F3BD1BAE2F3FC1CD00FAD507 /* Frameworks */,
				F3BD1BAF2F3FC1CD00FAD507 /* Resources */,
			);
			buildRules = (
			);
			dependencies = (
				F3BD1BB32F3FC1CD00FAD507 /* PBXTargetDependency */,
			);
			fileSystemSynchronizedGroups = (
				F3BD1BB42F3FC1CD00FAD507 /* MemoryGameWatch2026 Watch AppTests */,
			);
			name = "MemoryGameWatch2026 Watch AppTests";
			packageProductDependencies = (
			);
			productName = "MemoryGameWatch2026 Watch AppTests";
			productReference = F3BD1BB12F3FC1CD00FAD507 /* MemoryGameWatch2026 Watch AppTests.xctest */;
			productType = "com.apple.product-type.bundle.unit-test";
		};
		F3BD1BBA2F3FC1CD00FAD507 /* MemoryGameWatch2026 Watch AppUITests */ = {
			isa = PBXNativeTarget;
			buildConfigurationList = F3BD1BCF2F3FC1CD00FAD507 /* Build configuration list for PBXNativeTarget "MemoryGameWatch2026 Watch AppUITests" */;
			buildPhases = (
				F3BD1BB72F3FC1CD00FAD507 /* Sources */,
				F3BD1BB82F3FC1CD00FAD507 /* Frameworks */,
				F3BD1BB92F3FC1CD00FAD507 /* Resources */,
			);
			buildRules = (
			);
			dependencies = (
				F3BD1BBD2F3FC1CD00FAD507 /* PBXTargetDependency */,
			);
			fileSystemSynchronizedGroups = (
				F3BD1BBE2F3FC1CD00FAD507 /* MemoryGameWatch2026 Watch AppUITests */,
			);
			name = "MemoryGameWatch2026 Watch AppUITests";
			packageProductDependencies = (
			);
			productName = "MemoryGameWatch2026 Watch AppUITests";
			productReference = F3BD1BBB2F3FC1CD00FAD507 /* MemoryGameWatch2026 Watch AppUITests.xctest */;
			productType = "com.apple.product-type.bundle.ui-testing";
		};
/* End PBXNativeTarget section */

/* Begin PBXProject section */
		F30498842F0C82DF00FAE88E /* Project object */ = {
			isa = PBXProject;
			attributes = {
				BuildIndependentTargetsInParallel = 1;
				LastSwiftUpdateCheck = 2620;
				LastUpgradeCheck = 2620;
				TargetAttributes = {
					F304988B2F0C82DF00FAE88E = {
						CreatedOnToolsVersion = 26.2;
					};
					F30498982F0C82E100FAE88E = {
						CreatedOnToolsVersion = 26.2;
						TestTargetID = F304988B2F0C82DF00FAE88E;
					};
					F30498A22F0C82E100FAE88E = {
						CreatedOnToolsVersion = 26.2;
						TestTargetID = F304988B2F0C82DF00FAE88E;
					};
					F3BD1BA42F3FC1CB00FAD507 = {
						CreatedOnToolsVersion = 26.2;
					};
					F3BD1BB02F3FC1CD00FAD507 = {
						CreatedOnToolsVersion = 26.2;
						TestTargetID = F3BD1BA42F3FC1CB00FAD507;
					};
					F3BD1BBA2F3FC1CD00FAD507 = {
						CreatedOnToolsVersion = 26.2;
						TestTargetID = F3BD1BA42F3FC1CB00FAD507;
					};
				};
			};
			buildConfigurationList = F30498872F0C82DF00FAE88E /* Build configuration list for PBXProject "MemoryGame2026" */;
			developmentRegion = en;
			hasScannedForEncodings = 0;
			knownRegions = (
				en,
				Base,
			);
			mainGroup = F30498832F0C82DF00FAE88E;
			minimizedProjectReferenceProxies = 1;
			preferredProjectObjectVersion = 77;
			productRefGroup = F304988D2F0C82DF00FAE88E /* Products */;
			projectDirPath = "";
			projectRoot = "";
			targets = (
				F304988B2F0C82DF00FAE88E /* MemoryGame2026 */,
				F30498982F0C82E100FAE88E /* MemoryGame2026Tests */,
				F30498A22F0C82E100FAE88E /* MemoryGame2026UITests */,
				F3BD1BA42F3FC1CB00FAD507 /* MemoryGameWatch2026 Watch App */,
				F3BD1BB02F3FC1CD00FAD507 /* MemoryGameWatch2026 Watch AppTests */,
				F3BD1BBA2F3FC1CD00FAD507 /* MemoryGameWatch2026 Watch AppUITests */,
			);
		};
/* End PBXProject section */

/* Begin PBXResourcesBuildPhase section */
		F304988A2F0C82DF00FAE88E /* Resources */ = {
			isa = PBXResourcesBuildPhase;
			buildActionMask = 2147483647;
			files = (
			);
			runOnlyForDeploymentPostprocessing = 0;
		};
		F30498972F0C82E100FAE88E /* Resources */ = {
			isa = PBXResourcesBuildPhase;
			buildActionMask = 2147483647;
			files = (
			);
			runOnlyForDeploymentPostprocessing = 0;
		};
		F30498A12F0C82E100FAE88E /* Resources */ = {
			isa = PBXResourcesBuildPhase;
			buildActionMask = 2147483647;
			files = (
			);
			runOnlyForDeploymentPostprocessing = 0;
		};
		F3BD1BA32F3FC1CB00FAD507 /* Resources */ = {
			isa = PBXResourcesBuildPhase;
			buildActionMask = 2147483647;
			files = (
			);
			runOnlyForDeploymentPostprocessing = 0;
		};
		F3BD1BAF2F3FC1CD00FAD507 /* Resources */ = {
			isa = PBXResourcesBuildPhase;
			buildActionMask = 2147483647;
			files = (
			);
			runOnlyForDeploymentPostprocessing = 0;
		};
		F3BD1BB92F3FC1CD00FAD507 /* Resources */ = {
			isa = PBXResourcesBuildPhase;
			buildActionMask = 2147483647;
			files = (
			);
			runOnlyForDeploymentPostprocessing = 0;
		};
/* End PBXResourcesBuildPhase section */

/* Begin PBXSourcesBuildPhase section */
		F30498882F0C82DF00FAE88E /* Sources */ = {
			isa = PBXSourcesBuildPhase;
			buildActionMask = 2147483647;
			files = (
			);
			runOnlyForDeploymentPostprocessing = 0;
		};
		F30498952F0C82E100FAE88E /* Sources */ = {
			isa = PBXSourcesBuildPhase;
			buildActionMask = 2147483647;
			files = (
			);
			runOnlyForDeploymentPostprocessing = 0;
		};
		F304989F2F0C82E100FAE88E /* Sources */ = {
			isa = PBXSourcesBuildPhase;
			buildActionMask = 2147483647;
			files = (
			);
			runOnlyForDeploymentPostprocessing = 0;
		};
		F3BD1BA12F3FC1CB00FAD507 /* Sources */ = {
			isa = PBXSourcesBuildPhase;
			buildActionMask = 2147483647;
			files = (
			);
			runOnlyForDeploymentPostprocessing = 0;
		};
		F3BD1BAD2F3FC1CD00FAD507 /* Sources */ = {
			isa = PBXSourcesBuildPhase;
			buildActionMask = 2147483647;
			files = (
			);
			runOnlyForDeploymentPostprocessing = 0;
		};
		F3BD1BB72F3FC1CD00FAD507 /* Sources */ = {
			isa = PBXSourcesBuildPhase;
			buildActionMask = 2147483647;
			files = (
			);
			runOnlyForDeploymentPostprocessing = 0;
		};
/* End PBXSourcesBuildPhase section */

/* Begin PBXTargetDependency section */
		F304989B2F0C82E100FAE88E /* PBXTargetDependency */ = {
			isa = PBXTargetDependency;
			target = F304988B2F0C82DF00FAE88E /* MemoryGame2026 */;
			targetProxy = F304989A2F0C82E100FAE88E /* PBXContainerItemProxy */;
		};
		F30498A52F0C82E100FAE88E /* PBXTargetDependency */ = {
			isa = PBXTargetDependency;
			target = F304988B2F0C82DF00FAE88E /* MemoryGame2026 */;
			targetProxy = F30498A42F0C82E100FAE88E /* PBXContainerItemProxy */;
		};
		F3BD1BB32F3FC1CD00FAD507 /* PBXTargetDependency */ = {
			isa = PBXTargetDependency;
			target = F3BD1BA42F3FC1CB00FAD507 /* MemoryGameWatch2026 Watch App */;
			targetProxy = F3BD1BB22F3FC1CD00FAD507 /* PBXContainerItemProxy */;
		};
		F3BD1BBD2F3FC1CD00FAD507 /* PBXTargetDependency */ = {
			isa = PBXTargetDependency;
			target = F3BD1BA42F3FC1CB00FAD507 /* MemoryGameWatch2026 Watch App */;
			targetProxy = F3BD1BBC2F3FC1CD00FAD507 /* PBXContainerItemProxy */;
		};
		F3BD1BC42F3FC1CD00FAD507 /* PBXTargetDependency */ = {
			isa = PBXTargetDependency;
			target = F3BD1BA42F3FC1CB00FAD507 /* MemoryGameWatch2026 Watch App */;
			targetProxy = F3BD1BC32F3FC1CD00FAD507 /* PBXContainerItemProxy */;
		};
/* End PBXTargetDependency section */

/* Begin XCBuildConfiguration section */
		F30498AB2F0C82E100FAE88E /* Debug */ = {
			isa = XCBuildConfiguration;
			buildSettings = {
				ALWAYS_SEARCH_USER_PATHS = NO;
				ASSETCATALOG_COMPILER_GENERATE_SWIFT_ASSET_SYMBOL_EXTENSIONS = YES;
				CLANG_ANALYZER_NONNULL = YES;
				CLANG_ANALYZER_NUMBER_OBJECT_CONVERSION = YES_AGGRESSIVE;
				CLANG_CXX_LANGUAGE_STANDARD = "gnu++20";
				CLANG_ENABLE_MODULES = YES;
				CLANG_ENABLE_OBJC_ARC = YES;
				CLANG_ENABLE_OBJC_WEAK = YES;
				CLANG_WARN_BLOCK_CAPTURE_AUTORELEASING = YES;
				CLANG_WARN_BOOL_CONVERSION = YES;
				CLANG_WARN_COMMA = YES;
				CLANG_WARN_CONSTANT_CONVERSION = YES;
				CLANG_WARN_DEPRECATED_OBJC_IMPLEMENTATIONS = YES;
				CLANG_WARN_DIRECT_OBJC_ISA_USAGE = YES_ERROR;
				CLANG_WARN_DOCUMENTATION_COMMENTS = YES;
				CLANG_WARN_EMPTY_BODY = YES;
				CLANG_WARN_ENUM_CONVERSION = YES;
				CLANG_WARN_INFINITE_RECURSION = YES;
				CLANG_WARN_INT_CONVERSION = YES;
				CLANG_WARN_NON_LITERAL_NULL_CONVERSION = YES;
				CLANG_WARN_OBJC_IMPLICIT_RETAIN_SELF = YES;
				CLANG_WARN_OBJC_LITERAL_CONVERSION = YES;
				CLANG_WARN_OBJC_ROOT_CLASS = YES_ERROR;
				CLANG_WARN_QUOTED_INCLUDE_IN_FRAMEWORK_HEADER = YES;
				CLANG_WARN_RANGE_LOOP_ANALYSIS = YES;
				CLANG_WARN_STRICT_PROTOTYPES = YES;
				CLANG_WARN_SUSPICIOUS_MOVE = YES;
				CLANG_WARN_UNGUARDED_AVAILABILITY = YES_AGGRESSIVE;
				CLANG_WARN_UNREACHABLE_CODE = YES;
				CLANG_WARN__DUPLICATE_METHOD_MATCH = YES;
				COPY_PHASE_STRIP = NO;
				DEBUG_INFORMATION_FORMAT = dwarf;
				ENABLE_STRICT_OBJC_MSGSEND = YES;
				ENABLE_TESTABILITY = YES;
				ENABLE_USER_SCRIPT_SANDBOXING = YES;
				GCC_C_LANGUAGE_STANDARD = gnu17;
				GCC_DYNAMIC_NO_PIC = NO;
				GCC_NO_COMMON_BLOCKS = YES;
				GCC_OPTIMIZATION_LEVEL = 0;
				GCC_PREPROCESSOR_DEFINITIONS = (
					"DEBUG=1",
					"$(inherited)",
				);
				GCC_WARN_64_TO_32_BIT_CONVERSION = YES;
				GCC_WARN_ABOUT_RETURN_TYPE = YES_ERROR;
				GCC_WARN_UNDECLARED_SELECTOR = YES;
				GCC_WARN_UNINITIALIZED_AUTOS = YES_AGGRESSIVE;
				GCC_WARN_UNUSED_FUNCTION = YES;
				GCC_WARN_UNUSED_VARIABLE = YES;
				IPHONEOS_DEPLOYMENT_TARGET = 26.2;
				LOCALIZATION_PREFERS_STRING_CATALOGS = YES;
				MTL_ENABLE_DEBUG_INFO = INCLUDE_SOURCE;
				MTL_FAST_MATH = YES;
				ONLY_ACTIVE_ARCH = YES;
				SDKROOT = iphoneos;
				SWIFT_ACTIVE_COMPILATION_CONDITIONS = "DEBUG $(inherited)";
				SWIFT_OPTIMIZATION_LEVEL = "-Onone";
			};
			name = Debug;
		};
		F30498AC2F0C82E100FAE88E /* Release */ = {
			isa = XCBuildConfiguration;
			buildSettings = {
				ALWAYS_SEARCH_USER_PATHS = NO;
				ASSETCATALOG_COMPILER_GENERATE_SWIFT_ASSET_SYMBOL_EXTENSIONS = YES;
				CLANG_ANALYZER_NONNULL = YES;
				CLANG_ANALYZER_NUMBER_OBJECT_CONVERSION = YES_AGGRESSIVE;
				CLANG_CXX_LANGUAGE_STANDARD = "gnu++20";
				CLANG_ENABLE_MODULES = YES;
				CLANG_ENABLE_OBJC_ARC = YES;
				CLANG_ENABLE_OBJC_WEAK = YES;
				CLANG_WARN_BLOCK_CAPTURE_AUTORELEASING = YES;
				CLANG_WARN_BOOL_CONVERSION = YES;
				CLANG_WARN_COMMA = YES;
				CLANG_WARN_CONSTANT_CONVERSION = YES;
				CLANG_WARN_DEPRECATED_OBJC_IMPLEMENTATIONS = YES;
				CLANG_WARN_DIRECT_OBJC_ISA_USAGE = YES_ERROR;
				CLANG_WARN_DOCUMENTATION_COMMENTS = YES;
				CLANG_WARN_EMPTY_BODY = YES;
				CLANG_WARN_ENUM_CONVERSION = YES;
				CLANG_WARN_INFINITE_RECURSION = YES;
				CLANG_WARN_INT_CONVERSION = YES;
				CLANG_WARN_NON_LITERAL_NULL_CONVERSION = YES;
				CLANG_WARN_OBJC_IMPLICIT_RETAIN_SELF = YES;
				CLANG_WARN_OBJC_LITERAL_CONVERSION = YES;
				CLANG_WARN_OBJC_ROOT_CLASS = YES_ERROR;
				CLANG_WARN_QUOTED_INCLUDE_IN_FRAMEWORK_HEADER = YES;
				CLANG_WARN_RANGE_LOOP_ANALYSIS = YES;
				CLANG_WARN_STRICT_PROTOTYPES = YES;
				CLANG_WARN_SUSPICIOUS_MOVE = YES;
				CLANG_WARN_UNGUARDED_AVAILABILITY = YES_AGGRESSIVE;
				CLANG_WARN_UNREACHABLE_CODE = YES;
				CLANG_WARN__DUPLICATE_METHOD_MATCH = YES;
				COPY_PHASE_STRIP = NO;
				DEBUG_INFORMATION_FORMAT = "dwarf-with-dsym";
				ENABLE_NS_ASSERTIONS = NO;
				ENABLE_STRICT_OBJC_MSGSEND = YES;
				ENABLE_USER_SCRIPT_SANDBOXING = YES;
				GCC_C_LANGUAGE_STANDARD = gnu17;
				GCC_NO_COMMON_BLOCKS = YES;
				GCC_WARN_64_TO_32_BIT_CONVERSION = YES;
				GCC_WARN_ABOUT_RETURN_TYPE = YES_ERROR;
				GCC_WARN_UNDECLARED_SELECTOR = YES;
				GCC_WARN_UNINITIALIZED_AUTOS = YES_AGGRESSIVE;
				GCC_WARN_UNUSED_FUNCTION = YES;
				GCC_WARN_UNUSED_VARIABLE = YES;
				IPHONEOS_DEPLOYMENT_TARGET = 26.2;
				LOCALIZATION_PREFERS_STRING_CATALOGS = YES;
				MTL_ENABLE_DEBUG_INFO = NO;
				MTL_FAST_MATH = YES;
				SDKROOT = iphoneos;
				SWIFT_COMPILATION_MODE = wholemodule;
				VALIDATE_PRODUCT = YES;
			};
			name = Release;
		};
		F30498AE2F0C82E100FAE88E /* Debug */ = {
			isa = XCBuildConfiguration;
			buildSettings = {
				ASSETCATALOG_COMPILER_APPICON_NAME = AppIcon;
				ASSETCATALOG_COMPILER_GLOBAL_ACCENT_COLOR_NAME = AccentColor;
				CODE_SIGN_STYLE = Automatic;
				CURRENT_PROJECT_VERSION = 1;
				DEVELOPMENT_TEAM = C3QT64AKFN;
				ENABLE_PREVIEWS = YES;
				GENERATE_INFOPLIST_FILE = YES;
				INFOPLIST_KEY_UIApplicationSceneManifest_Generation = YES;
				INFOPLIST_KEY_UIApplicationSupportsIndirectInputEvents = YES;
				INFOPLIST_KEY_UILaunchScreen_Generation = YES;
				INFOPLIST_KEY_UISupportedInterfaceOrientations_iPad = "UIInterfaceOrientationPortrait UIInterfaceOrientationPortraitUpsideDown UIInterfaceOrientationLandscapeLeft UIInterfaceOrientationLandscapeRight";
				INFOPLIST_KEY_UISupportedInterfaceOrientations_iPhone = "UIInterfaceOrientationPortrait UIInterfaceOrientationLandscapeLeft UIInterfaceOrientationLandscapeRight";
				LD_RUNPATH_SEARCH_PATHS = (
					"$(inherited)",
					"@executable_path/Frameworks",
				);
				MARKETING_VERSION = 1.0;
				PRODUCT_BUNDLE_IDENTIFIER = ca.camosun.ics542755.MemoryGame2026;
				PRODUCT_NAME = "$(TARGET_NAME)";
				STRING_CATALOG_GENERATE_SYMBOLS = YES;
				SWIFT_APPROACHABLE_CONCURRENCY = YES;
				SWIFT_DEFAULT_ACTOR_ISOLATION = MainActor;
				SWIFT_EMIT_LOC_STRINGS = YES;
				SWIFT_UPCOMING_FEATURE_MEMBER_IMPORT_VISIBILITY = YES;
				SWIFT_VERSION = 5.0;
				TARGETED_DEVICE_FAMILY = "1,2";
			};
			name = Debug;
		};
		F30498AF2F0C82E100FAE88E /* Release */ = {
			isa = XCBuildConfiguration;
			buildSettings = {
				ASSETCATALOG_COMPILER_APPICON_NAME = AppIcon;
				ASSETCATALOG_COMPILER_GLOBAL_ACCENT_COLOR_NAME = AccentColor;
				CODE_SIGN_STYLE = Automatic;
				CURRENT_PROJECT_VERSION = 1;
				DEVELOPMENT_TEAM = C3QT64AKFN;
				ENABLE_PREVIEWS = YES;
				GENERATE_INFOPLIST_FILE = YES;
				INFOPLIST_KEY_UIApplicationSceneManifest_Generation = YES;
				INFOPLIST_KEY_UIApplicationSupportsIndirectInputEvents = YES;
				INFOPLIST_KEY_UILaunchScreen_Generation = YES;
				INFOPLIST_KEY_UISupportedInterfaceOrientations_iPad = "UIInterfaceOrientationPortrait UIInterfaceOrientationPortraitUpsideDown UIInterfaceOrientationLandscapeLeft UIInterfaceOrientationLandscapeRight";
				INFOPLIST_KEY_UISupportedInterfaceOrientations_iPhone = "UIInterfaceOrientationPortrait UIInterfaceOrientationLandscapeLeft UIInterfaceOrientationLandscapeRight";
				LD_RUNPATH_SEARCH_PATHS = (
					"$(inherited)",
					"@executable_path/Frameworks",
				);
				MARKETING_VERSION = 1.0;
				PRODUCT_BUNDLE_IDENTIFIER = ca.camosun.ics542755.MemoryGame2026;
				PRODUCT_NAME = "$(TARGET_NAME)";
				STRING_CATALOG_GENERATE_SYMBOLS = YES;
				SWIFT_APPROACHABLE_CONCURRENCY = YES;
				SWIFT_DEFAULT_ACTOR_ISOLATION = MainActor;
				SWIFT_EMIT_LOC_STRINGS = YES;
				SWIFT_UPCOMING_FEATURE_MEMBER_IMPORT_VISIBILITY = YES;
				SWIFT_VERSION = 5.0;
				TARGETED_DEVICE_FAMILY = "1,2";
			};
			name = Release;
		};
		F30498B12F0C82E100FAE88E /* Debug */ = {
			isa = XCBuildConfiguration;
			buildSettings = {
				BUNDLE_LOADER = "$(TEST_HOST)";
				CODE_SIGN_STYLE = Automatic;
				CURRENT_PROJECT_VERSION = 1;
				DEVELOPMENT_TEAM = C3QT64AKFN;
				GENERATE_INFOPLIST_FILE = YES;
				IPHONEOS_DEPLOYMENT_TARGET = 26.2;
				MARKETING_VERSION = 1.0;
				PRODUCT_BUNDLE_IDENTIFIER = ca.camosun.ics542755.MemoryGame2026Tests;
				PRODUCT_NAME = "$(TARGET_NAME)";
				STRING_CATALOG_GENERATE_SYMBOLS = NO;
				SWIFT_APPROACHABLE_CONCURRENCY = YES;
				SWIFT_EMIT_LOC_STRINGS = NO;
				SWIFT_UPCOMING_FEATURE_MEMBER_IMPORT_VISIBILITY = YES;
				SWIFT_VERSION = 5.0;
				TARGETED_DEVICE_FAMILY = "1,2";
				TEST_HOST = "$(BUILT_PRODUCTS_DIR)/MemoryGame2026.app/$(BUNDLE_EXECUTABLE_FOLDER_PATH)/MemoryGame2026";
			};
			name = Debug;
		};
		F30498B22F0C82E100FAE88E /* Release */ = {
			isa = XCBuildConfiguration;
			buildSettings = {
				BUNDLE_LOADER = "$(TEST_HOST)";
				CODE_SIGN_STYLE = Automatic;
				CURRENT_PROJECT_VERSION = 1;
				DEVELOPMENT_TEAM = C3QT64AKFN;
				GENERATE_INFOPLIST_FILE = YES;
				IPHONEOS_DEPLOYMENT_TARGET = 26.2;
				MARKETING_VERSION = 1.0;
				PRODUCT_BUNDLE_IDENTIFIER = ca.camosun.ics542755.MemoryGame2026Tests;
				PRODUCT_NAME = "$(TARGET_NAME)";
				STRING_CATALOG_GENERATE_SYMBOLS = NO;
				SWIFT_APPROACHABLE_CONCURRENCY = YES;
				SWIFT_EMIT_LOC_STRINGS = NO;
				SWIFT_UPCOMING_FEATURE_MEMBER_IMPORT_VISIBILITY = YES;
				SWIFT_VERSION = 5.0;
				TARGETED_DEVICE_FAMILY = "1,2";
				TEST_HOST = "$(BUILT_PRODUCTS_DIR)/MemoryGame2026.app/$(BUNDLE_EXECUTABLE_FOLDER_PATH)/MemoryGame2026";
			};
			name = Release;
		};
		F30498B42F0C82E100FAE88E /* Debug */ = {
			isa = XCBuildConfiguration;
			buildSettings = {
				CODE_SIGN_STYLE = Automatic;
				CURRENT_PROJECT_VERSION = 1;
				GENERATE_INFOPLIST_FILE = YES;
				MARKETING_VERSION = 1.0;
				PRODUCT_BUNDLE_IDENTIFIER = ca.camosun.ics542755.MemoryGame2026UITests;
				PRODUCT_NAME = "$(TARGET_NAME)";
				STRING_CATALOG_GENERATE_SYMBOLS = NO;
				SWIFT_APPROACHABLE_CONCURRENCY = YES;
				SWIFT_EMIT_LOC_STRINGS = NO;
				SWIFT_UPCOMING_FEATURE_MEMBER_IMPORT_VISIBILITY = YES;
				SWIFT_VERSION = 5.0;
				TARGETED_DEVICE_FAMILY = "1,2";
				TEST_TARGET_NAME = MemoryGame2026;
			};
			name = Debug;
		};
		F30498B52F0C82E100FAE88E /* Release */ = {
			isa = XCBuildConfiguration;
			buildSettings = {
				CODE_SIGN_STYLE = Automatic;
				CURRENT_PROJECT_VERSION = 1;
				GENERATE_INFOPLIST_FILE = YES;
				MARKETING_VERSION = 1.0;
				PRODUCT_BUNDLE_IDENTIFIER = ca.camosun.ics542755.MemoryGame2026UITests;
				PRODUCT_NAME = "$(TARGET_NAME)";
				STRING_CATALOG_GENERATE_SYMBOLS = NO;
				SWIFT_APPROACHABLE_CONCURRENCY = YES;
				SWIFT_EMIT_LOC_STRINGS = NO;
				SWIFT_UPCOMING_FEATURE_MEMBER_IMPORT_VISIBILITY = YES;
				SWIFT_VERSION = 5.0;
				TARGETED_DEVICE_FAMILY = "1,2";
				TEST_TARGET_NAME = MemoryGame2026;
			};
			name = Release;
		};
		F3BD1BC72F3FC1CD00FAD507 /* Debug */ = {
			isa = XCBuildConfiguration;
			buildSettings = {
				ASSETCATALOG_COMPILER_APPICON_NAME = AppIcon;
				ASSETCATALOG_COMPILER_GLOBAL_ACCENT_COLOR_NAME = AccentColor;
				CODE_SIGN_STYLE = Automatic;
				CURRENT_PROJECT_VERSION = 1;
				DEVELOPMENT_TEAM = C3QT64AKFN;
				ENABLE_PREVIEWS = YES;
				GENERATE_INFOPLIST_FILE = YES;
				INFOPLIST_KEY_CFBundleDisplayName = MemoryGameWatch2026;
				INFOPLIST_KEY_UISupportedInterfaceOrientations = "UIInterfaceOrientationPortrait UIInterfaceOrientationPortraitUpsideDown";
				INFOPLIST_KEY_WKCompanionAppBundleIdentifier = ca.camosun.ics542755.MemoryGame2026;
				LD_RUNPATH_SEARCH_PATHS = (
					"$(inherited)",
					"@executable_path/Frameworks",
				);
				MARKETING_VERSION = 1.0;
				PRODUCT_BUNDLE_IDENTIFIER = ca.camosun.ics542755.MemoryGame2026.watchkitapp;
				PRODUCT_NAME = "$(TARGET_NAME)";
				SDKROOT = watchos;
				SKIP_INSTALL = YES;
				STRING_CATALOG_GENERATE_SYMBOLS = YES;
				SWIFT_APPROACHABLE_CONCURRENCY = YES;
				SWIFT_DEFAULT_ACTOR_ISOLATION = MainActor;
				SWIFT_EMIT_LOC_STRINGS = YES;
				SWIFT_UPCOMING_FEATURE_MEMBER_IMPORT_VISIBILITY = YES;
				SWIFT_VERSION = 5.0;
				TARGETED_DEVICE_FAMILY = 4;
				WATCHOS_DEPLOYMENT_TARGET = 26.2;
			};
			name = Debug;
		};
		F3BD1BC82F3FC1CD00FAD507 /* Release */ = {
			isa = XCBuildConfiguration;
			buildSettings = {
				ASSETCATALOG_COMPILER_APPICON_NAME = AppIcon;
				ASSETCATALOG_COMPILER_GLOBAL_ACCENT_COLOR_NAME = AccentColor;
				CODE_SIGN_STYLE = Automatic;
				CURRENT_PROJECT_VERSION = 1;
				DEVELOPMENT_TEAM = C3QT64AKFN;
				ENABLE_PREVIEWS = YES;
				GENERATE_INFOPLIST_FILE = YES;
				INFOPLIST_KEY_CFBundleDisplayName = MemoryGameWatch2026;
				INFOPLIST_KEY_UISupportedInterfaceOrientations = "UIInterfaceOrientationPortrait UIInterfaceOrientationPortraitUpsideDown";
				INFOPLIST_KEY_WKCompanionAppBundleIdentifier = ca.camosun.ics542755.MemoryGame2026;
				LD_RUNPATH_SEARCH_PATHS = (
					"$(inherited)",
					"@executable_path/Frameworks",
				);
				MARKETING_VERSION = 1.0;
				PRODUCT_BUNDLE_IDENTIFIER = ca.camosun.ics542755.MemoryGame2026.watchkitapp;
				PRODUCT_NAME = "$(TARGET_NAME)";
				SDKROOT = watchos;
				SKIP_INSTALL = YES;
				STRING_CATALOG_GENERATE_SYMBOLS = YES;
				SWIFT_APPROACHABLE_CONCURRENCY = YES;
				SWIFT_DEFAULT_ACTOR_ISOLATION = MainActor;
				SWIFT_EMIT_LOC_STRINGS = YES;
				SWIFT_UPCOMING_FEATURE_MEMBER_IMPORT_VISIBILITY = YES;
				SWIFT_VERSION = 5.0;
				TARGETED_DEVICE_FAMILY = 4;
				WATCHOS_DEPLOYMENT_TARGET = 26.2;
			};
			name = Release;
		};
		F3BD1BC92F3FC1CD00FAD507 /* Debug */ = {
			isa = XCBuildConfiguration;
			buildSettings = {
				BUNDLE_LOADER = "$(TEST_HOST)";
				CODE_SIGN_STYLE = Automatic;
				CURRENT_PROJECT_VERSION = 1;
				GENERATE_INFOPLIST_FILE = YES;
				MARKETING_VERSION = 1.0;
				PRODUCT_BUNDLE_IDENTIFIER = "ca.camosun.ics542755.MemoryGameWatch2026-Watch-AppTests";
				PRODUCT_NAME = "$(TARGET_NAME)";
				SDKROOT = watchos;
				STRING_CATALOG_GENERATE_SYMBOLS = NO;
				SWIFT_APPROACHABLE_CONCURRENCY = YES;
				SWIFT_EMIT_LOC_STRINGS = NO;
				SWIFT_UPCOMING_FEATURE_MEMBER_IMPORT_VISIBILITY = YES;
				SWIFT_VERSION = 5.0;
				TARGETED_DEVICE_FAMILY = 4;
				TEST_HOST = "$(BUILT_PRODUCTS_DIR)/MemoryGameWatch2026 Watch App.app/$(BUNDLE_EXECUTABLE_FOLDER_PATH)/MemoryGameWatch2026 Watch App";
				WATCHOS_DEPLOYMENT_TARGET = 26.2;
			};
			name = Debug;
		};
		F3BD1BCA2F3FC1CD00FAD507 /* Release */ = {
			isa = XCBuildConfiguration;
			buildSettings = {
				BUNDLE_LOADER = "$(TEST_HOST)";
				CODE_SIGN_STYLE = Automatic;
				CURRENT_PROJECT_VERSION = 1;
				GENERATE_INFOPLIST_FILE = YES;
				MARKETING_VERSION = 1.0;
				PRODUCT_BUNDLE_IDENTIFIER = "ca.camosun.ics542755.MemoryGameWatch2026-Watch-AppTests";
				PRODUCT_NAME = "$(TARGET_NAME)";
				SDKROOT = watchos;
				STRING_CATALOG_GENERATE_SYMBOLS = NO;
				SWIFT_APPROACHABLE_CONCURRENCY = YES;
				SWIFT_EMIT_LOC_STRINGS = NO;
				SWIFT_UPCOMING_FEATURE_MEMBER_IMPORT_VISIBILITY = YES;
				SWIFT_VERSION = 5.0;
				TARGETED_DEVICE_FAMILY = 4;
				TEST_HOST = "$(BUILT_PRODUCTS_DIR)/MemoryGameWatch2026 Watch App.app/$(BUNDLE_EXECUTABLE_FOLDER_PATH)/MemoryGameWatch2026 Watch App";
				WATCHOS_DEPLOYMENT_TARGET = 26.2;
			};
			name = Release;
		};
		F3BD1BCB2F3FC1CD00FAD507 /* Debug */ = {
			isa = XCBuildConfiguration;
			buildSettings = {
				CODE_SIGN_STYLE = Automatic;
				CURRENT_PROJECT_VERSION = 1;
				GENERATE_INFOPLIST_FILE = YES;
				MARKETING_VERSION = 1.0;
				PRODUCT_BUNDLE_IDENTIFIER = "ca.camosun.ics542755.MemoryGameWatch2026-Watch-AppUITests";
				PRODUCT_NAME = "$(TARGET_NAME)";
				SDKROOT = watchos;
				STRING_CATALOG_GENERATE_SYMBOLS = NO;
				SWIFT_APPROACHABLE_CONCURRENCY = YES;
				SWIFT_EMIT_LOC_STRINGS = NO;
				SWIFT_UPCOMING_FEATURE_MEMBER_IMPORT_VISIBILITY = YES;
				SWIFT_VERSION = 5.0;
				TARGETED_DEVICE_FAMILY = 4;
				TEST_TARGET_NAME = "MemoryGameWatch2026 Watch App";
				WATCHOS_DEPLOYMENT_TARGET = 26.2;
			};
			name = Debug;
		};
		F3BD1BCC2F3FC1CD00FAD507 /* Release */ = {
			isa = XCBuildConfiguration;
			buildSettings = {
				CODE_SIGN_STYLE = Automatic;
				CURRENT_PROJECT_VERSION = 1;
				GENERATE_INFOPLIST_FILE = YES;
				MARKETING_VERSION = 1.0;
				PRODUCT_BUNDLE_IDENTIFIER = "ca.camosun.ics542755.MemoryGameWatch2026-Watch-AppUITests";
				PRODUCT_NAME = "$(TARGET_NAME)";
				SDKROOT = watchos;
				STRING_CATALOG_GENERATE_SYMBOLS = NO;
				SWIFT_APPROACHABLE_CONCURRENCY = YES;
				SWIFT_EMIT_LOC_STRINGS = NO;
				SWIFT_UPCOMING_FEATURE_MEMBER_IMPORT_VISIBILITY = YES;
				SWIFT_VERSION = 5.0;
				TARGETED_DEVICE_FAMILY = 4;
				TEST_TARGET_NAME = "MemoryGameWatch2026 Watch App";
				WATCHOS_DEPLOYMENT_TARGET = 26.2;
			};
			name = Release;
		};
/* End XCBuildConfiguration section */

/* Begin XCConfigurationList section */
		F30498872F0C82DF00FAE88E /* Build configuration list for PBXProject "MemoryGame2026" */ = {
			isa = XCConfigurationList;
			buildConfigurations = (
				F30498AB2F0C82E100FAE88E /* Debug */,
				F30498AC2F0C82E100FAE88E /* Release */,
			);
			defaultConfigurationIsVisible = 0;
			defaultConfigurationName = Release;
		};
		F30498AD2F0C82E100FAE88E /* Build configuration list for PBXNativeTarget "MemoryGame2026" */ = {
			isa = XCConfigurationList;
			buildConfigurations = (
				F30498AE2F0C82E100FAE88E /* Debug */,
				F30498AF2F0C82E100FAE88E /* Release */,
			);
			defaultConfigurationIsVisible = 0;
			defaultConfigurationName = Release;
		};
		F30498B02F0C82E100FAE88E /* Build configuration list for PBXNativeTarget "MemoryGame2026Tests" */ = {
			isa = XCConfigurationList;
			buildConfigurations = (
				F30498B12F0C82E100FAE88E /* Debug */,
				F30498B22F0C82E100FAE88E /* Release */,
			);
			defaultConfigurationIsVisible = 0;
			defaultConfigurationName = Release;
		};
		F30498B32F0C82E100FAE88E /* Build configuration list for PBXNativeTarget "MemoryGame2026UITests" */ = {
			isa = XCConfigurationList;
			buildConfigurations = (
				F30498B42F0C82E100FAE88E /* Debug */,
				F30498B52F0C82E100FAE88E /* Release */,
			);
			defaultConfigurationIsVisible = 0;
			defaultConfigurationName = Release;
		};
		F3BD1BCD2F3FC1CD00FAD507 /* Build configuration list for PBXNativeTarget "MemoryGameWatch2026 Watch App" */ = {
			isa = XCConfigurationList;
			buildConfigurations = (
				F3BD1BC72F3FC1CD00FAD507 /* Debug */,
				F3BD1BC82F3FC1CD00FAD507 /* Release */,
			);
			defaultConfigurationIsVisible = 0;
			defaultConfigurationName = Release;
		};
		F3BD1BCE2F3FC1CD00FAD507 /* Build configuration list for PBXNativeTarget "MemoryGameWatch2026 Watch AppTests" */ = {
			isa = XCConfigurationList;
			buildConfigurations = (
				F3BD1BC92F3FC1CD00FAD507 /* Debug */,
				F3BD1BCA2F3FC1CD00FAD507 /* Release */,
			);
			defaultConfigurationIsVisible = 0;
			defaultConfigurationName = Release;
		};
		F3BD1BCF2F3FC1CD00FAD507 /* Build configuration list for PBXNativeTarget "MemoryGameWatch2026 Watch AppUITests" */ = {
			isa = XCConfigurationList;
			buildConfigurations = (
				F3BD1BCB2F3FC1CD00FAD507 /* Debug */,
				F3BD1BCC2F3FC1CD00FAD507 /* Release */,
			);
			defaultConfigurationIsVisible = 0;
			defaultConfigurationName = Release;
		};
/* End XCConfigurationList section */
	};
	rootObject = F30498842F0C82DF00FAE88E /* Project object */;
}
